{
  "name": "huzly-mobile",
  "lockfileVersion": 3,
  "requires": true,
  "packages": {
    "": {
      "dependencies": {
        "@react-native-async-storage/async-storage": "^3.0.1",
        "expo-document-picker": "^55.0.8"
      }
    },
    "node_modules/@react-native-async-storage/async-storage": {
      "version": "3.0.1",
      "resolved": "https://registry.npmjs.org/@react-native-async-storage/async-storage/-/async-storage-3.0.1.tgz",
      "integrity": "sha512-VHwHb19sMg4Xh3W5M6YmJ/HSm1uh8RYFa6Dozm9o/jVYTYUgz2BmDXqXF7sum3glQaR34/hlwVc94px1sSdC2A==",
      "license": "MIT",
      "dependencies": {
        "idb": "8.0.3"
      },
      "peerDependencies": {
        "react": "*",
        "react-native": "*"
      }
    },
    "node_modules/expo-document-picker": {
      "version": "55.0.8",
      "resolved": "https://registry.npmjs.org/expo-document-picker/-/expo-document-picker-55.0.8.tgz",
      "integrity": "sha512-p6rYEQ1/h3UqGl3+hzTjv51fsNxoOVfMGSYjHX2/e3cvcy02MWWE+bpj4QEGo9MBwU4RyyIbuv/SCxGtAtG+eA==",
      "license": "MIT",
      "peerDependencies": {
        "expo": "*"
      }
    },
    "node_modules/idb": {
      "version": "8.0.3",
      "resolved": "https://registry.npmjs.org/idb/-/idb-8.0.3.tgz",
      "integrity": "sha512-LtwtVyVYO5BqRvcsKuB2iUMnHwPVByPCXFXOpuU96IZPPoPN6xjOGxZQ74pgSVVLQWtUOYgyeL4GE98BY5D3wg==",
      "license": "ISC"
    }
  }
}
